
Microsoft Visual Studio Solution File, Format Version 12.00
# Visual Studio Version 17
VisualStudioVersion = 17.3.32922.545
MinimumVisualStudioVersion = 10.0.40219.1
Project("{8BC9CEB8-8B4A-11D0-8D11-00A0C91BC942}") = "client1", "client1\client1.vcxproj", "{09CF6F7F-C500-4AAF-A3A9-1C8CEB86FE22}"
EndProject
Global
	GlobalSection(SolutionConfigurationPlatforms) = preSolution
		Debug|x64 = Debug|x64
		Debug|x86 = Debug|x86
		Release|x64 = Release|x64
		Release|x86 = Release|x86
	EndGlobalSection
	GlobalSection(ProjectConfigurationPlatforms) = postSolution
		{09CF6F7F-C500-4AAF-A3A9-1C8CEB86FE22}.Debug|x64.ActiveCfg = Debug|x64
		{09CF6F7F-C500-4AAF-A3A9-1C8CEB86FE22}.Debug|x64.Build.0 = Debug|x64
		{09CF6F7F-C500-4AAF-A3A9-1C8CEB86FE22}.Debug|x86.ActiveCfg = Debug|Win32
		{09CF6F7F-C500-4AAF-A3A9-1C8CEB86FE22}.Debug|x86.Build.0 = Debug|Win32
		{09CF6F7F-C500-4AAF-A3A9-1C8CEB86FE22}.Release|x64.ActiveCfg = Release|x64
		{09CF6F7F-C500-4AAF-A3A9-1C8CEB86FE22}.Release|x64.Build.0 = Release|x64
		{09CF6F7F-C500-4AAF-A3A9-1C8CEB86FE22}.Release|x86.ActiveCfg = Release|Win32
		{09CF6F7F-C500-4AAF-A3A9-1C8CEB86FE22}.Release|x86.Build.0 = Release|Win32
	EndGlobalSection
	GlobalSection(SolutionProperties) = preSolution
		HideSolutionNode = FALSE
	EndGlobalSection
	GlobalSection(ExtensibilityGlobals) = postSolution
		SolutionGuid = {3AF52876-D320-44C2-B781-19C5C100DF0A}
	EndGlobalSection
EndGlobal
